// !$*UTF8*$!
{
	archiveVersion = 1;
	classes = {
	};
	objectVersion = 48;
	objects = {

/* Begin PBXBuildFile section */
		B734BCE41F2D113D00AB4EE0 /* AppDelegate.swift in Sources */ = {isa = PBXBuildFile; fileRef = B734BCE31F2D113D00AB4EE0 /* AppDelegate.swift */; };
		B734BCE61F2D113D00AB4EE0 /* ViewController.swift in Sources */ = {isa = PBXBuildFile; fileRef = B734BCE51F2D113D00AB4EE0 /* ViewController.swift */; };
		B734BCE91F2D113D00AB4EE0 /* Main.storyboard in Resources */ = {isa = PBXBuildFile; fileRef = B734BCE71F2D113D00AB4EE0 /* Main.storyboard */; };
		B734BCEC1F2D113D00AB4EE0 /* Viqana.xcdatamodeld in Sources */ = {isa = PBXBuildFile; fileRef = B734BCEA1F2D113D00AB4EE0 /* Viqana.xcdatamodeld */; };
		B734BCEE1F2D113D00AB4EE0 /* Assets.xcassets in Resources */ = {isa = PBXBuildFile; fileRef = B734BCED1F2D113D00AB4EE0 /* Assets.xcassets */; };
		B734BCF11F2D113D00AB4EE0 /* LaunchScreen.storyboard in Resources */ = {isa = PBXBuildFile; fileRef = B734BCEF1F2D113D00AB4EE0 /* LaunchScreen.storyboard */; };
		B734BCFC1F2D113E00AB4EE0 /* ViqanaTests.swift in Sources */ = {isa = PBXBuildFile; fileRef = B734BCFB1F2D113E00AB4EE0 /* ViqanaTests.swift */; };
		B734BD071F2D113E00AB4EE0 /* ViqanaUITests.swift in Sources */ = {isa = PBXBuildFile; fileRef = B734BD061F2D113E00AB4EE0 /* ViqanaUITests.swift */; };
/* End PBXBuildFile section */

/* Begin PBXContainerItemProxy section */
		B734BCF81F2D113E00AB4EE0 /* PBXContainerItemProxy */ = {
			isa = PBXContainerItemProxy;
			containerPortal = B734BCD81F2D113D00AB4EE0 /* Project object */;
			proxyType = 1;
			remoteGlobalIDString = B734BCDF1F2D113D00AB4EE0;
			remoteInfo = Viqana;
		};
		B734BD031F2D113E00AB4EE0 /* PBXContainerItemProxy */ = {
			isa = PBXContainerItemProxy;
			containerPortal = B734BCD81F2D113D00AB4EE0 /* Project object */;
			proxyType = 1;
			remoteGlobalIDString = B734BCDF1F2D113D00AB4EE0;
			remoteInfo = Viqana;
		};
/* End PBXContainerItemProxy section */

/* Begin PBXFileReference section */
		B734BCE01F2D113D00AB4EE0 /* Viqana.app */ = {isa = PBXFileReference; explicitFileType = wrapper.application; includeInIndex = 0; path = Viqana.app; sourceTree = BUILT_PRODUCTS_DIR; };
		B734BCE31F2D113D00AB4EE0 /* AppDelegate.swift */ = {isa = PBXFileReference; lastKnownFileType = sourcecode.swift; path = AppDelegate.swift; sourceTree = "<group>"; };
		B734BCE51F2D113D00AB4EE0 /* ViewController.swift */ = {isa = PBXFileReference; lastKnownFileType = sourcecode.swift; path = ViewController.swift; sourceTree = "<group>"; };
		B734BCE81F2D113D00AB4EE0 /* Base */ = {isa = PBXFileReference; lastKnownFileType = file.storyboard; name = Base; path = Base.lproj/Main.storyboard; sourceTree = "<group>"; };
		B734BCEB1F2D113D00AB4EE0 /* Viqana.xcdatamodel */ = {isa = PBXFileReference; lastKnownFileType = wrapper.xcdatamodel; path = Viqana.xcdatamodel; sourceTree = "<group>"; };
		B734BCED1F2D113D00AB4EE0 /* Assets.xcassets */ = {isa = PBXFileReference; lastKnownFileType = folder.assetcatalog; path = Assets.xcassets; sourceTree = "<group>"; };
		B734BCF01F2D113D00AB4EE0 /* Base */ = {isa = PBXFileReference; lastKnownFileType = file.storyboard; name = Base; path = Base.lproj/LaunchScreen.storyboard; sourceTree = "<group>"; };
		B734BCF21F2D113D00AB4EE0 /* Info.plist */ = {isa = PBXFileReference; lastKnownFileType = text.plist.xml; path = Info.plist; sourceTree = "<group>"; };
		B734BCF71F2D113D00AB4EE0 /* ViqanaTests.xctest */ = {isa = PBXFileReference; explicitFileType = wrapper.cfbundle; includeInIndex = 0; path = ViqanaTests.xctest; sourceTree = BUILT_PRODUCTS_DIR; };
		B734BCFB1F2D113E00AB4EE0 /* ViqanaTests.swift */ = {isa = PBXFileReference; lastKnownFileType = sourcecode.swift; path = ViqanaTests.swift; sourceTree = "<group>"; };
		B734BCFD1F2D113E00AB4EE0 /* Info.plist */ = {isa = PBXFileReference; lastKnownFileType = text.plist.xml; path = Info.plist; sourceTree = "<group>"; };
		B734BD021F2D113E00AB4EE0 /* ViqanaUITests.xctest */ = {isa = PBXFileReference; explicitFileType = wrapper.cfbundle; includeInIndex = 0; path = ViqanaUITests.xctest; sourceTree = BUILT_PRODUCTS_DIR; };
		B734BD061F2D113E00AB4EE0 /* ViqanaUITests.swift */ = {isa = PBXFileReference; lastKnownFileType = sourcecode.swift; path = ViqanaUITests.swift; sourceTree = "<group>"; };
		B734BD081F2D113E00AB4EE0 /* Info.plist */ = {isa = PBXFileReference; lastKnownFileType = text.plist.xml; path = Info.plist; sourceTree = "<group>"; };
/* End PBXFileReference section */

/* Begin PBXFrameworksBuildPhase section */
		B734BCDD1F2D113D00AB4EE0 /* Frameworks */ = {
			isa = PBXFrameworksBuildPhase;
			buildActionMask = 2147483647;
			files = (
			);
			runOnlyForDeploymentPostprocessing = 0;
		};
		B734BCF41F2D113D00AB4EE0 /* Frameworks */ = {
			isa = PBXFrameworksBuildPhase;
			buildActionMask = 2147483647;
			files = (
			);
			runOnlyForDeploymentPostprocessing = 0;
		};
		B734BCFF1F2D113E00AB4EE0 /* Frameworks */ = {
			isa = PBXFrameworksBuildPhase;
			buildActionMask = 2147483647;
			files = (
			);
			runOnlyForDeploymentPostprocessing = 0;
		};
/* End PBXFrameworksBuildPhase section */

/* Begin PBXGroup section */
		B734BCD71F2D113D00AB4EE0 = {
			isa = PBXGroup;
			children = (
				B734BCE21F2D113D00AB4EE0 /* Viqana */,
				B734BCFA1F2D113E00AB4EE0 /* ViqanaTests */,
				B734BD051F2D113E00AB4EE0 /* ViqanaUITests */,
				B734BCE11F2D113D00AB4EE0 /* Products */,
			);
			sourceTree = "<group>";
		};
		B734BCE11F2D113D00AB4EE0 /* Products */ = {
			isa = PBXGroup;
			children = (
				B734BCE01F2D113D00AB4EE0 /* Viqana.app */,
				B734BCF71F2D113D00AB4EE0 /* ViqanaTests.xctest */,
				B734BD021F2D113E00AB4EE0 /* ViqanaUITests.xctest */,
			);
			name = Products;
			sourceTree = "<group>";
		};
		B734BCE21F2D113D00AB4EE0 /* Viqana */ = {
			isa = PBXGroup;
			children = (
				B734BCE31F2D113D00AB4EE0 /* AppDelegate.swift */,
				B734BCE51F2D113D00AB4EE0 /* ViewController.swift */,
				B734BCE71F2D113D00AB4EE0 /* Main.storyboard */,
				B734BCED1F2D113D00AB4EE0 /* Assets.xcassets */,
				B734BCEF1F2D113D00AB4EE0 /* LaunchScreen.storyboard */,
				B734BCF21F2D113D00AB4EE0 /* Info.plist */,
				B734BCEA1F2D113D00AB4EE0 /* Viqana.xcdatamodeld */,
			);
			path = Viqana;
			sourceTree = "<group>";
		};
		B734BCFA1F2D113E00AB4EE0 /* ViqanaTests */ = {
			isa = PBXGroup;
			children = (
				B734BCFB1F2D113E00AB4EE0 /* ViqanaTests.swift */,
				B734BCFD1F2D113E00AB4EE0 /* Info.plist */,
			);
			path = ViqanaTests;
			sourceTree = "<group>";
		};
		B734BD051F2D113E00AB4EE0 /* ViqanaUITests */ = {
			isa = PBXGroup;
			children = (
				B734BD061F2D113E00AB4EE0 /* ViqanaUITests.swift */,
				B734BD081F2D113E00AB4EE0 /* Info.plist */,
			);
			path = ViqanaUITests;
			sourceTree = "<group>";
		};
/* End PBXGroup section */

/* Begin PBXNativeTarget section */
		B734BCDF1F2D113D00AB4EE0 /* Viqana */ = {
			isa = PBXNativeTarget;
			buildConfigurationList = B734BD0B1F2D113E00AB4EE0 /* Build configuration list for PBXNativeTarget "Viqana" */;
			buildPhases = (
				B734BCDC1F2D113D00AB4EE0 /* Sources */,
				B734BCDD1F2D113D00AB4EE0 /* Frameworks */,
				B734BCDE1F2D113D00AB4EE0 /* Resources */,
			);
			buildRules = (
			);
			dependencies = (
			);
			name = Viqana;
			productName = Viqana;
			productReference = B734BCE01F2D113D00AB4EE0 /* Viqana.app */;
			productType = "com.apple.product-type.application";
		};
		B734BCF61F2D113D00AB4EE0 /* ViqanaTests */ = {
			isa = PBXNativeTarget;
			buildConfigurationList = B734BD0E1F2D113E00AB4EE0 /* Build configuration list for PBXNativeTarget "ViqanaTests" */;
			buildPhases = (
				B734BCF31F2D113D00AB4EE0 /* Sources */,
				B734BCF41F2D113D00AB4EE0 /* Frameworks */,
				B734BCF51F2D113D00AB4EE0 /* Resources */,
			);
			buildRules = (
			);
			dependencies = (
				B734BCF91F2D113E00AB4EE0 /* PBXTargetDependency */,
			);
			name = ViqanaTests;
			productName = ViqanaTests;
			productReference = B734BCF71F2D113D00AB4EE0 /* ViqanaTests.xctest */;
			productType = "com.apple.product-type.bundle.unit-test";
		};
		B734BD011F2D113E00AB4EE0 /* ViqanaUITests */ = {
			isa = PBXNativeTarget;
			buildConfigurationList = B734BD111F2D113E00AB4EE0 /* Build configuration list for PBXNativeTarget "ViqanaUITests" */;
			buildPhases = (
				B734BCFE1F2D113E00AB4EE0 /* Sources */,
				B734BCFF1F2D113E00AB4EE0 /* Frameworks */,
				B734BD001F2D113E00AB4EE0 /* Resources */,
			);
			buildRules = (
			);
			dependencies = (
				B734BD041F2D113E00AB4EE0 /* PBXTargetDependency */,
			);
			name = ViqanaUITests;
			productName = ViqanaUITests;
			productReference = B734BD021F2D113E00AB4EE0 /* ViqanaUITests.xctest */;
			productType = "com.apple.product-type.bundle.ui-testing";
		};
/* End PBXNativeTarget section */

/* Begin PBXProject section */
		B734BCD81F2D113D00AB4EE0 /* Project object */ = {
			isa = PBXProject;
			attributes = {
				LastSwiftUpdateCheck = 0900;
				LastUpgradeCheck = 0900;
				ORGANIZATIONNAME = "Ahmad Younis";
				TargetAttributes = {
					B734BCDF1F2D113D00AB4EE0 = {
						CreatedOnToolsVersion = 9.0;
					};
					B734BCF61F2D113D00AB4EE0 = {
						CreatedOnToolsVersion = 9.0;
						TestTargetID = B734BCDF1F2D113D00AB4EE0;
					};
					B734BD011F2D113E00AB4EE0 = {
						CreatedOnToolsVersion = 9.0;
						TestTargetID = B734BCDF1F2D113D00AB4EE0;
					};
				};
			};
			buildConfigurationList = B734BCDB1F2D113D00AB4EE0 /* Build configuration list for PBXProject "Viqana" */;
			compatibilityVersion = "Xcode 8.0";
			developmentRegion = en;
			hasScannedForEncodings = 0;
			knownRegions = (
				en,
				Base,
			);
			mainGroup = B734BCD71F2D113D00AB4EE0;
			productRefGroup = B734BCE11F2D113D00AB4EE0 /* Products */;
			projectDirPath = "";
			projectRoot = "";
			targets = (
				B734BCDF1F2D113D00AB4EE0 /* Viqana */,
				B734BCF61F2D113D00AB4EE0 /* ViqanaTests */,
				B734BD011F2D113E00AB4EE0 /* ViqanaUITests */,
			);
		};
/* End PBXProject section */

/* Begin PBXResourcesBuildPhase section */
		B734BCDE1F2D113D00AB4EE0 /* Resources */ = {
			isa = PBXResourcesBuildPhase;
			buildActionMask = 2147483647;
			files = (
				B734BCF11F2D113D00AB4EE0 /* LaunchScreen.storyboard in Resources */,
				B734BCEE1F2D113D00AB4EE0 /* Assets.xcassets in Resources */,
				B734BCE91F2D113D00AB4EE0 /* Main.storyboard in Resources */,
			);
			runOnlyForDeploymentPostprocessing = 0;
		};
		B734BCF51F2D113D00AB4EE0 /* Resources */ = {
			isa = PBXResourcesBuildPhase;
			buildActionMask = 2147483647;
			files = (
			);
			runOnlyForDeploymentPostprocessing = 0;
		};
		B734BD001F2D113E00AB4EE0 /* Resources */ = {
			isa = PBXResourcesBuildPhase;
			buildActionMask = 2147483647;
			files = (
			);
			runOnlyForDeploymentPostprocessing = 0;
		};
/* End PBXResourcesBuildPhase section */

/* Begin PBXSourcesBuildPhase section */
		B734BCDC1F2D113D00AB4EE0 /* Sources */ = {
			isa = PBXSourcesBuildPhase;
			buildActionMask = 2147483647;
			files = (
				B734BCEC1F2D113D00AB4EE0 /* Viqana.xcdatamodeld in Sources */,
				B734BCE61F2D113D00AB4EE0 /* ViewController.swift in Sources */,
				B734BCE41F2D113D00AB4EE0 /* AppDelegate.swift in Sources */,
			);
			runOnlyForDeploymentPostprocessing = 0;
		};
		B734BCF31F2D113D00AB4EE0 /* Sources */ = {
			isa = PBXSourcesBuildPhase;
			buildActionMask = 2147483647;
			files = (
				B734BCFC1F2D113E00AB4EE0 /* ViqanaTests.swift in Sources */,
			);
			runOnlyForDeploymentPostprocessing = 0;
		};
		B734BCFE1F2D113E00AB4EE0 /* Sources */ = {
			isa = PBXSourcesBuildPhase;
			buildActionMask = 2147483647;
			files = (
				B734BD071F2D113E00AB4EE0 /* ViqanaUITests.swift in Sources */,
			);
			runOnlyForDeploymentPostprocessing = 0;
		};
/* End PBXSourcesBuildPhase section */

/* Begin PBXTargetDependency section */
		B734BCF91F2D113E00AB4EE0 /* PBXTargetDependency */ = {
			isa = PBXTargetDependency;
			target = B734BCDF1F2D113D00AB4EE0 /* Viqana */;
			targetProxy = B734BCF81F2D113E00AB4EE0 /* PBXContainerItemProxy */;
		};
		B734BD041F2D113E00AB4EE0 /* PBXTargetDependency */ = {
			isa = PBXTargetDependency;
			target = B734BCDF1F2D113D00AB4EE0 /* Viqana */;
			targetProxy = B734BD031F2D113E00AB4EE0 /* PBXContainerItemProxy */;
		};
/* End PBXTargetDependency section */

/* Begin PBXVariantGroup section */
		B734BCE71F2D113D00AB4EE0 /* Main.storyboard */ = {
			isa = PBXVariantGroup;
			children = (
				B734BCE81F2D113D00AB4EE0 /* Base */,
			);
			name = Main.storyboard;
			sourceTree = "<group>";
		};
		B734BCEF1F2D113D00AB4EE0 /* LaunchScreen.storyboard */ = {
			isa = PBXVariantGroup;
			children = (
				B734BCF01F2D113D00AB4EE0 /* Base */,
			);
			name = LaunchScreen.storyboard;
			sourceTree = "<group>";
		};
/* End PBXVariantGroup section */

/* Begin XCBuildConfiguration section */
		B734BD091F2D113E00AB4EE0 /* Debug */ = {
			isa = XCBuildConfiguration;
			buildSettings = {
				ALWAYS_SEARCH_USER_PATHS = NO;
				CLANG_ANALYZER_NONNULL = YES;
				CLANG_ANALYZER_NUMBER_OBJECT_CONVERSION = YES_AGGRESSIVE;
				CLANG_CXX_LANGUAGE_STANDARD = "gnu++14";
				CLANG_CXX_LIBRARY = "libc++";
				CLANG_ENABLE_MODULES = YES;
				CLANG_ENABLE_OBJC_ARC = YES;
				CLANG_WARN_BLOCK_CAPTURE_AUTORELEASING = YES;
				CLANG_WARN_BOOL_CONVERSION = YES;
				CLANG_WARN_COMMA = YES;
				CLANG_WARN_CONSTANT_CONVERSION = YES;
				CLANG_WARN_DIRECT_OBJC_ISA_USAGE = YES_ERROR;
				CLANG_WARN_DOCUMENTATION_COMMENTS = YES;
				CLANG_WARN_EMPTY_BODY = YES;
				CLANG_WARN_ENUM_CONVERSION = YES;
				CLANG_WARN_INFINITE_RECURSION = YES;
				CLANG_WARN_INT_CONVERSION = YES;
				CLANG_WARN_NON_LITERAL_NULL_CONVERSION = YES;
				CLANG_WARN_OBJC_LITERAL_CONVERSION = YES;
				CLANG_WARN_OBJC_ROOT_CLASS = YES_ERROR;
				CLANG_WARN_RANGE_LOOP_ANALYSIS = YES;
				CLANG_WARN_STRICT_PROTOTYPES = YES;
				CLANG_WARN_SUSPICIOUS_MOVE = YES;
				CLANG_WARN_UNGUARDED_AVAILABILITY = YES_AGGRESSIVE;
				CLANG_WARN_UNREACHABLE_CODE = YES;
				CLANG_WARN__DUPLICATE_METHOD_MATCH = YES;
				CODE_SIGN_IDENTITY = "iPhone Developer";
				COPY_PHASE_STRIP = NO;
				DEBUG_INFORMATION_FORMAT = dwarf;
				ENABLE_STRICT_OBJC_MSGSEND = YES;
				ENABLE_TESTABILITY = YES;
				GCC_C_LANGUAGE_STANDARD = gnu11;
				GCC_DYNAMIC_NO_PIC = NO;
				GCC_NO_COMMON_BLOCKS = YES;
				GCC_OPTIMIZATION_LEVEL = 0;
				GCC_PREPROCESSOR_DEFINITIONS = (
					"DEBUG=1",
					"$(inherited)",
				);
				GCC_WARN_64_TO_32_BIT_CONVERSION = YES;
				GCC_WARN_ABOUT_RETURN_TYPE = YES_ERROR;
				GCC_WARN_UNDECLARED_SELECTOR = YES;
				GCC_WARN_UNINITIALIZED_AUTOS = YES_AGGRESSIVE;
				GCC_WARN_UNUSED_FUNCTION = YES;
				GCC_WARN_UNUSED_VARIABLE = YES;
				IPHONEOS_DEPLOYMENT_TARGET = 11.0;
				MTL_ENABLE_DEBUG_INFO = YES;
				ONLY_ACTIVE_ARCH = YES;
				SDKROOT = iphoneos;
				SWIFT_ACTIVE_COMPILATION_CONDITIONS = DEBUG;
				SWIFT_OPTIMIZATION_LEVEL = "-Onone";
			};
			name = Debug;
		};
		B734BD0A1F2D113E00AB4EE0 /* Release */ = {
			isa = XCBuildConfiguration;
			buildSettings = {
				ALWAYS_SEARCH_USER_PATHS = NO;
				CLANG_ANALYZER_NONNULL = YES;
				CLANG_ANALYZER_NUMBER_OBJECT_CONVERSION = YES_AGGRESSIVE;
				CLANG_CXX_LANGUAGE_STANDARD = "gnu++14";
				CLANG_CXX_LIBRARY = "libc++";
				CLANG_ENABLE_MODULES = YES;
				CLANG_ENABLE_OBJC_ARC = YES;
				CLANG_WARN_BLOCK_CAPTURE_AUTORELEASING = YES;
				CLANG_WARN_BOOL_CONVERSION = YES;
				CLANG_WARN_COMMA = YES;
				CLANG_WARN_CONSTANT_CONVERSION = YES;
				CLANG_WARN_DIRECT_OBJC_ISA_USAGE = YES_ERROR;
				CLANG_WARN_DOCUMENTATION_COMMENTS = YES;
				CLANG_WARN_EMPTY_BODY = YES;
				CLANG_WARN_ENUM_CONVERSION = YES;
				CLANG_WARN_INFINITE_RECURSION = YES;
				CLANG_WARN_INT_CONVERSION = YES;
				CLANG_WARN_NON_LITERAL_NULL_CONVERSION = YES;
				CLANG_WARN_OBJC_LITERAL_CONVERSION = YES;
				CLANG_WARN_OBJC_ROOT_CLASS = YES_ERROR;
				CLANG_WARN_RANGE_LOOP_ANALYSIS = YES;
				CLANG_WARN_STRICT_PROTOTYPES = YES;
				CLANG_WARN_SUSPICIOUS_MOVE = YES;
				CLANG_WARN_UNGUARDED_AVAILABILITY = YES_AGGRESSIVE;
				CLANG_WARN_UNREACHABLE_CODE = YES;
				CLANG_WARN__DUPLICATE_METHOD_MATCH = YES;
				CODE_SIGN_IDENTITY = "iPhone Developer";
				COPY_PHASE_STRIP = NO;
				DEBUG_INFORMATION_FORMAT = "dwarf-with-dsym";
				ENABLE_NS_ASSERTIONS = NO;
				ENABLE_STRICT_OBJC_MSGSEND = YES;
				GCC_C_LANGUAGE_STANDARD = gnu11;
				GCC_NO_COMMON_BLOCKS = YES;
				GCC_WARN_64_TO_32_BIT_CONVERSION = YES;
				GCC_WARN_ABOUT_RETURN_TYPE = YES_ERROR;
				GCC_WARN_UNDECLARED_SELECTOR = YES;
				GCC_WARN_UNINITIALIZED_AUTOS = YES_AGGRESSIVE;
				GCC_WARN_UNUSED_FUNCTION = YES;
				GCC_WARN_UNUSED_VARIABLE = YES;
				IPHONEOS_DEPLOYMENT_TARGET = 11.0;
				MTL_ENABLE_DEBUG_INFO = NO;
				SDKROOT = iphoneos;
				SWIFT_OPTIMIZATION_LEVEL = "-Owholemodule";
				VALIDATE_PRODUCT = YES;
			};
			name = Release;
		};
		B734BD0C1F2D113E00AB4EE0 /* Debug */ = {
			isa = XCBuildConfiguration;
			buildSettings = {
				ASSETCATALOG_COMPILER_APPICON_NAME = AppIcon;
				INFOPLIST_FILE = Viqana/Info.plist;
				LD_RUNPATH_SEARCH_PATHS = "$(inherited) @executable_path/Frameworks";
				PRODUCT_BUNDLE_IDENTIFIER = pl.viqana.Viqana;
				PRODUCT_NAME = "$(TARGET_NAME)";
				SWIFT_VERSION = 4.0;
				TARGETED_DEVICE_FAMILY = "1,2";
			};
			name = Debug;
		};
		B734BD0D1F2D113E00AB4EE0 /* Release */ = {
			isa = XCBuildConfiguration;
			buildSettings = {
				ASSETCATALOG_COMPILER_APPICON_NAME = AppIcon;
				INFOPLIST_FILE = Viqana/Info.plist;
				LD_RUNPATH_SEARCH_PATHS = "$(inherited) @executable_path/Frameworks";
				PRODUCT_BUNDLE_IDENTIFIER = pl.viqana.Viqana;
				PRODUCT_NAME = "$(TARGET_NAME)";
				SWIFT_VERSION = 4.0;
				TARGETED_DEVICE_FAMILY = "1,2";
			};
			name = Release;
		};
		B734BD0F1F2D113E00AB4EE0 /* Debug */ = {
			isa = XCBuildConfiguration;
			buildSettings = {
				ALWAYS_EMBED_SWIFT_STANDARD_LIBRARIES = YES;
				BUNDLE_LOADER = "$(TEST_HOST)";
				INFOPLIST_FILE = ViqanaTests/Info.plist;
				LD_RUNPATH_SEARCH_PATHS = "$(inherited) @executable_path/Frameworks @loader_path/Frameworks";
				PRODUCT_BUNDLE_IDENTIFIER = pl.viqana.ViqanaTests;
				PRODUCT_NAME = "$(TARGET_NAME)";
				SWIFT_VERSION = 4.0;
				TARGETED_DEVICE_FAMILY = "1,2";
				TEST_HOST = "$(BUILT_PRODUCTS_DIR)/Viqana.app/Viqana";
			};
			name = Debug;
		};
		B734BD101F2D113E00AB4EE0 /* Release */ = {
			isa = XCBuildConfiguration;
			buildSettings = {
				ALWAYS_EMBED_SWIFT_STANDARD_LIBRARIES = YES;
				BUNDLE_LOADER = "$(TEST_HOST)";
				INFOPLIST_FILE = ViqanaTests/Info.plist;
				LD_RUNPATH_SEARCH_PATHS = "$(inherited) @executable_path/Frameworks @loader_path/Frameworks";
				PRODUCT_BUNDLE_IDENTIFIER = pl.viqana.ViqanaTests;
				PRODUCT_NAME = "$(TARGET_NAME)";
				SWIFT_VERSION = 4.0;
				TARGETED_DEVICE_FAMILY = "1,2";
				TEST_HOST = "$(BUILT_PRODUCTS_DIR)/Viqana.app/Viqana";
			};
			name = Release;
		};
		B734BD121F2D113E00AB4EE0 /* Debug */ = {
			isa = XCBuildConfiguration;
			buildSettings = {
				ALWAYS_EMBED_SWIFT_STANDARD_LIBRARIES = YES;
				INFOPLIST_FILE = ViqanaUITests/Info.plist;
				LD_RUNPATH_SEARCH_PATHS = "$(inherited) @executable_path/Frameworks @loader_path/Frameworks";
				PRODUCT_BUNDLE_IDENTIFIER = pl.viqana.ViqanaUITests;
				PRODUCT_NAME = "$(TARGET_NAME)";
				SWIFT_VERSION = 4.0;
				TARGETED_DEVICE_FAMILY = "1,2";
				TEST_TARGET_NAME = Viqana;
			};
			name = Debug;
		};
		B734BD131F2D113E00AB4EE0 /* Release */ = {
			isa = XCBuildConfiguration;
			buildSettings = {
				ALWAYS_EMBED_SWIFT_STANDARD_LIBRARIES = YES;
				INFOPLIST_FILE = ViqanaUITests/Info.plist;
				LD_RUNPATH_SEARCH_PATHS = "$(inherited) @executable_path/Frameworks @loader_path/Frameworks";
				PRODUCT_BUNDLE_IDENTIFIER = pl.viqana.ViqanaUITests;
				PRODUCT_NAME = "$(TARGET_NAME)";
				SWIFT_VERSION = 4.0;
				TARGETED_DEVICE_FAMILY = "1,2";
				TEST_TARGET_NAME = Viqana;
			};
			name = Release;
		};
/* End XCBuildConfiguration section */

/* Begin XCConfigurationList section */
		B734BCDB1F2D113D00AB4EE0 /* Build configuration list for PBXProject "Viqana" */ = {
			isa = XCConfigurationList;
			buildConfigurations = (
				B734BD091F2D113E00AB4EE0 /* Debug */,
				B734BD0A1F2D113E00AB4EE0 /* Release */,
			);
			defaultConfigurationIsVisible = 0;
			defaultConfigurationName = Release;
		};
		B734BD0B1F2D113E00AB4EE0 /* Build configuration list for PBXNativeTarget "Viqana" */ = {
			isa = XCConfigurationList;
			buildConfigurations = (
				B734BD0C1F2D113E00AB4EE0 /* Debug */,
				B734BD0D1F2D113E00AB4EE0 /* Release */,
			);
			defaultConfigurationIsVisible = 0;
			defaultConfigurationName = Release;
		};
		B734BD0E1F2D113E00AB4EE0 /* Build configuration list for PBXNativeTarget "ViqanaTests" */ = {
			isa = XCConfigurationList;
			buildConfigurations = (
				B734BD0F1F2D113E00AB4EE0 /* Debug */,
				B734BD101F2D113E00AB4EE0 /* Release */,
			);
			defaultConfigurationIsVisible = 0;
			defaultConfigurationName = Release;
		};
		B734BD111F2D113E00AB4EE0 /* Build configuration list for PBXNativeTarget "ViqanaUITests" */ = {
			isa = XCConfigurationList;
			buildConfigurations = (
				B734BD121F2D113E00AB4EE0 /* Debug */,
				B734BD131F2D113E00AB4EE0 /* Release */,
			);
			defaultConfigurationIsVisible = 0;
			defaultConfigurationName = Release;
		};
/* End XCConfigurationList section */

/* Begin XCVersionGroup section */
		B734BCEA1F2D113D00AB4EE0 /* Viqana.xcdatamodeld */ = {
			isa = XCVersionGroup;
			children = (
				B734BCEB1F2D113D00AB4EE0 /* Viqana.xcdatamodel */,
			);
			currentVersion = B734BCEB1F2D113D00AB4EE0 /* Viqana.xcdatamodel */;
			path = Viqana.xcdatamodeld;
			sourceTree = "<group>";
			versionGroupType = wrapper.xcdatamodel;
		};
/* End XCVersionGroup section */
	};
	rootObject = B734BCD81F2D113D00AB4EE0 /* Project object */;
}
