// !$*UTF8*$!
{
	archiveVersion = 1;
	classes = {
	};
	objectVersion = 48;
	objects = {

/* Begin PBXBuildFile section */
		B760B5BA1F4F791F008C2D43 /* AppDelegate.swift in Sources */ = {isa = PBXBuildFile; fileRef = B760B5B91F4F791F008C2D43 /* AppDelegate.swift */; };
		B760B5BC1F4F791F008C2D43 /* ViewController.swift in Sources */ = {isa = PBXBuildFile; fileRef = B760B5BB1F4F791F008C2D43 /* ViewController.swift */; };
		B760B5BF1F4F791F008C2D43 /* Main.storyboard in Resources */ = {isa = PBXBuildFile; fileRef = B760B5BD1F4F791F008C2D43 /* Main.storyboard */; };
		B760B5C11F4F791F008C2D43 /* Assets.xcassets in Resources */ = {isa = PBXBuildFile; fileRef = B760B5C01F4F791F008C2D43 /* Assets.xcassets */; };
		B760B5C41F4F791F008C2D43 /* LaunchScreen.storyboard in Resources */ = {isa = PBXBuildFile; fileRef = B760B5C21F4F791F008C2D43 /* LaunchScreen.storyboard */; };
		B7A31C0C1F7FE8D700538B73 /* ViewController4.swift in Sources */ = {isa = PBXBuildFile; fileRef = B7A31C0B1F7FE8D700538B73 /* ViewController4.swift */; };
		B7A31C0E1F7FE8E600538B73 /* ViewController3.swift in Sources */ = {isa = PBXBuildFile; fileRef = B7A31C0D1F7FE8E600538B73 /* ViewController3.swift */; };
		B7A31C101F7FE90400538B73 /* ViewController1.swift in Sources */ = {isa = PBXBuildFile; fileRef = B7A31C0F1F7FE90400538B73 /* ViewController1.swift */; };
		B7D2FC361F87E547004E6E30 /* ViewController6JacketSizeAndOthers.swift in Sources */ = {isa = PBXBuildFile; fileRef = B7D2FC351F87E547004E6E30 /* ViewController6JacketSizeAndOthers.swift */; };
		B7EDBEFC1F7EA0F5009D8A85 /* ViewController5Jacket.swift in Sources */ = {isa = PBXBuildFile; fileRef = B7EDBEFB1F7EA0F5009D8A85 /* ViewController5Jacket.swift */; };
/* End PBXBuildFile section */

/* Begin PBXFileReference section */
		B760B5B61F4F791F008C2D43 /* viqana.app */ = {isa = PBXFileReference; explicitFileType = wrapper.application; includeInIndex = 0; path = viqana.app; sourceTree = BUILT_PRODUCTS_DIR; };
		B760B5B91F4F791F008C2D43 /* AppDelegate.swift */ = {isa = PBXFileReference; lastKnownFileType = sourcecode.swift; path = AppDelegate.swift; sourceTree = "<group>"; };
		B760B5BB1F4F791F008C2D43 /* ViewController.swift */ = {isa = PBXFileReference; lastKnownFileType = sourcecode.swift; path = ViewController.swift; sourceTree = "<group>"; };
		B760B5BE1F4F791F008C2D43 /* Base */ = {isa = PBXFileReference; lastKnownFileType = file.storyboard; name = Base; path = Base.lproj/Main.storyboard; sourceTree = "<group>"; };
		B760B5C01F4F791F008C2D43 /* Assets.xcassets */ = {isa = PBXFileReference; lastKnownFileType = folder.assetcatalog; path = Assets.xcassets; sourceTree = "<group>"; };
		B760B5C31F4F791F008C2D43 /* Base */ = {isa = PBXFileReference; lastKnownFileType = file.storyboard; name = Base; path = Base.lproj/LaunchScreen.storyboard; sourceTree = "<group>"; };
		B760B5C51F4F791F008C2D43 /* Info.plist */ = {isa = PBXFileReference; lastKnownFileType = text.plist.xml; path = Info.plist; sourceTree = "<group>"; };
		B7A31C0B1F7FE8D700538B73 /* ViewController4.swift */ = {isa = PBXFileReference; lastKnownFileType = sourcecode.swift; path = ViewController4.swift; sourceTree = "<group>"; };
		B7A31C0D1F7FE8E600538B73 /* ViewController3.swift */ = {isa = PBXFileReference; lastKnownFileType = sourcecode.swift; path = ViewController3.swift; sourceTree = "<group>"; };
		B7A31C0F1F7FE90400538B73 /* ViewController1.swift */ = {isa = PBXFileReference; lastKnownFileType = sourcecode.swift; path = ViewController1.swift; sourceTree = "<group>"; };
		B7D2FC351F87E547004E6E30 /* ViewController6JacketSizeAndOthers.swift */ = {isa = PBXFileReference; lastKnownFileType = sourcecode.swift; path = ViewController6JacketSizeAndOthers.swift; sourceTree = "<group>"; };
		B7EDBEFB1F7EA0F5009D8A85 /* ViewController5Jacket.swift */ = {isa = PBXFileReference; lastKnownFileType = sourcecode.swift; path = ViewController5Jacket.swift; sourceTree = "<group>"; };
/* End PBXFileReference section */

/* Begin PBXFrameworksBuildPhase section */
		B760B5B31F4F791F008C2D43 /* Frameworks */ = {
			isa = PBXFrameworksBuildPhase;
			buildActionMask = 2147483647;
			files = (
			);
			runOnlyForDeploymentPostprocessing = 0;
		};
/* End PBXFrameworksBuildPhase section */

/* Begin PBXGroup section */
		B760B5AD1F4F791F008C2D43 = {
			isa = PBXGroup;
			children = (
				B760B5B81F4F791F008C2D43 /* viqana */,
				B760B5B71F4F791F008C2D43 /* Products */,
			);
			sourceTree = "<group>";
		};
		B760B5B71F4F791F008C2D43 /* Products */ = {
			isa = PBXGroup;
			children = (
				B760B5B61F4F791F008C2D43 /* viqana.app */,
			);
			name = Products;
			sourceTree = "<group>";
		};
		B760B5B81F4F791F008C2D43 /* viqana */ = {
			isa = PBXGroup;
			children = (
				B760B5CC1F59121B008C2D43 /* Model  */,
				B760B5CB1F591212008C2D43 /* View */,
				B760B5B91F4F791F008C2D43 /* AppDelegate.swift */,
				B760B5BB1F4F791F008C2D43 /* ViewController.swift */,
				B760B5BD1F4F791F008C2D43 /* Main.storyboard */,
				B760B5C01F4F791F008C2D43 /* Assets.xcassets */,
				B760B5C21F4F791F008C2D43 /* LaunchScreen.storyboard */,
				B760B5C51F4F791F008C2D43 /* Info.plist */,
			);
			path = viqana;
			sourceTree = "<group>";
		};
		B760B5CB1F591212008C2D43 /* View */ = {
			isa = PBXGroup;
			children = (
			);
			path = View;
			sourceTree = "<group>";
		};
		B760B5CC1F59121B008C2D43 /* Model  */ = {
			isa = PBXGroup;
			children = (
				B7EDBEFB1F7EA0F5009D8A85 /* ViewController5Jacket.swift */,
				B7A31C0B1F7FE8D700538B73 /* ViewController4.swift */,
				B7A31C0D1F7FE8E600538B73 /* ViewController3.swift */,
				B7A31C0F1F7FE90400538B73 /* ViewController1.swift */,
				B7D2FC351F87E547004E6E30 /* ViewController6JacketSizeAndOthers.swift */,
			);
			path = "Model ";
			sourceTree = "<group>";
		};
/* End PBXGroup section */

/* Begin PBXNativeTarget section */
		B760B5B51F4F791F008C2D43 /* viqana */ = {
			isa = PBXNativeTarget;
			buildConfigurationList = B760B5C81F4F791F008C2D43 /* Build configuration list for PBXNativeTarget "viqana" */;
			buildPhases = (
				B760B5B21F4F791F008C2D43 /* Sources */,
				B760B5B31F4F791F008C2D43 /* Frameworks */,
				B760B5B41F4F791F008C2D43 /* Resources */,
			);
			buildRules = (
			);
			dependencies = (
			);
			name = viqana;
			productName = viqana;
			productReference = B760B5B61F4F791F008C2D43 /* viqana.app */;
			productType = "com.apple.product-type.application";
		};
/* End PBXNativeTarget section */

/* Begin PBXProject section */
		B760B5AE1F4F791F008C2D43 /* Project object */ = {
			isa = PBXProject;
			attributes = {
				LastSwiftUpdateCheck = 0900;
				LastUpgradeCheck = 0900;
				ORGANIZATIONNAME = "Ahmad Younis";
				TargetAttributes = {
					B760B5B51F4F791F008C2D43 = {
						CreatedOnToolsVersion = 9.0;
					};
				};
			};
			buildConfigurationList = B760B5B11F4F791F008C2D43 /* Build configuration list for PBXProject "viqana" */;
			compatibilityVersion = "Xcode 8.0";
			developmentRegion = en;
			hasScannedForEncodings = 0;
			knownRegions = (
				en,
				Base,
			);
			mainGroup = B760B5AD1F4F791F008C2D43;
			productRefGroup = B760B5B71F4F791F008C2D43 /* Products */;
			projectDirPath = "";
			projectRoot = "";
			targets = (
				B760B5B51F4F791F008C2D43 /* viqana */,
			);
		};
/* End PBXProject section */

/* Begin PBXResourcesBuildPhase section */
		B760B5B41F4F791F008C2D43 /* Resources */ = {
			isa = PBXResourcesBuildPhase;
			buildActionMask = 2147483647;
			files = (
				B760B5C41F4F791F008C2D43 /* LaunchScreen.storyboard in Resources */,
				B760B5C11F4F791F008C2D43 /* Assets.xcassets in Resources */,
				B760B5BF1F4F791F008C2D43 /* Main.storyboard in Resources */,
			);
			runOnlyForDeploymentPostprocessing = 0;
		};
/* End PBXResourcesBuildPhase section */

/* Begin PBXSourcesBuildPhase section */
		B760B5B21F4F791F008C2D43 /* Sources */ = {
			isa = PBXSourcesBuildPhase;
			buildActionMask = 2147483647;
			files = (
				B7A31C101F7FE90400538B73 /* ViewController1.swift in Sources */,
				B7A31C0E1F7FE8E600538B73 /* ViewController3.swift in Sources */,
				B760B5BC1F4F791F008C2D43 /* ViewController.swift in Sources */,
				B7D2FC361F87E547004E6E30 /* ViewController6JacketSizeAndOthers.swift in Sources */,
				B7EDBEFC1F7EA0F5009D8A85 /* ViewController5Jacket.swift in Sources */,
				B760B5BA1F4F791F008C2D43 /* AppDelegate.swift in Sources */,
				B7A31C0C1F7FE8D700538B73 /* ViewController4.swift in Sources */,
			);
			runOnlyForDeploymentPostprocessing = 0;
		};
/* End PBXSourcesBuildPhase section */

/* Begin PBXVariantGroup section */
		B760B5BD1F4F791F008C2D43 /* Main.storyboard */ = {
			isa = PBXVariantGroup;
			children = (
				B760B5BE1F4F791F008C2D43 /* Base */,
			);
			name = Main.storyboard;
			sourceTree = "<group>";
		};
		B760B5C21F4F791F008C2D43 /* LaunchScreen.storyboard */ = {
			isa = PBXVariantGroup;
			children = (
				B760B5C31F4F791F008C2D43 /* Base */,
			);
			name = LaunchScreen.storyboard;
			sourceTree = "<group>";
		};
/* End PBXVariantGroup section */

/* Begin XCBuildConfiguration section */
		B760B5C61F4F791F008C2D43 /* Debug */ = {
			isa = XCBuildConfiguration;
			buildSettings = {
				ALWAYS_SEARCH_USER_PATHS = NO;
				CLANG_ANALYZER_NONNULL = YES;
				CLANG_ANALYZER_NUMBER_OBJECT_CONVERSION = YES_AGGRESSIVE;
				CLANG_CXX_LANGUAGE_STANDARD = "gnu++14";
				CLANG_CXX_LIBRARY = "libc++";
				CLANG_ENABLE_MODULES = YES;
				CLANG_ENABLE_OBJC_ARC = YES;
				CLANG_WARN_BLOCK_CAPTURE_AUTORELEASING = YES;
				CLANG_WARN_BOOL_CONVERSION = YES;
				CLANG_WARN_COMMA = YES;
				CLANG_WARN_CONSTANT_CONVERSION = YES;
				CLANG_WARN_DIRECT_OBJC_ISA_USAGE = YES_ERROR;
				CLANG_WARN_DOCUMENTATION_COMMENTS = YES;
				CLANG_WARN_EMPTY_BODY = YES;
				CLANG_WARN_ENUM_CONVERSION = YES;
				CLANG_WARN_INFINITE_RECURSION = YES;
				CLANG_WARN_INT_CONVERSION = YES;
				CLANG_WARN_NON_LITERAL_NULL_CONVERSION = YES;
				CLANG_WARN_OBJC_LITERAL_CONVERSION = YES;
				CLANG_WARN_OBJC_ROOT_CLASS = YES_ERROR;
				CLANG_WARN_RANGE_LOOP_ANALYSIS = YES;
				CLANG_WARN_STRICT_PROTOTYPES = YES;
				CLANG_WARN_SUSPICIOUS_MOVE = YES;
				CLANG_WARN_UNGUARDED_AVAILABILITY = YES_AGGRESSIVE;
				CLANG_WARN_UNREACHABLE_CODE = YES;
				CLANG_WARN__DUPLICATE_METHOD_MATCH = YES;
				CODE_SIGN_IDENTITY = "iPhone Developer";
				COPY_PHASE_STRIP = NO;
				DEBUG_INFORMATION_FORMAT = dwarf;
				ENABLE_STRICT_OBJC_MSGSEND = YES;
				ENABLE_TESTABILITY = YES;
				GCC_C_LANGUAGE_STANDARD = gnu11;
				GCC_DYNAMIC_NO_PIC = NO;
				GCC_NO_COMMON_BLOCKS = YES;
				GCC_OPTIMIZATION_LEVEL = 0;
				GCC_PREPROCESSOR_DEFINITIONS = (
					"DEBUG=1",
					"$(inherited)",
				);
				GCC_WARN_64_TO_32_BIT_CONVERSION = YES;
				GCC_WARN_ABOUT_RETURN_TYPE = YES_ERROR;
				GCC_WARN_UNDECLARED_SELECTOR = YES;
				GCC_WARN_UNINITIALIZED_AUTOS = YES_AGGRESSIVE;
				GCC_WARN_UNUSED_FUNCTION = YES;
				GCC_WARN_UNUSED_VARIABLE = YES;
				IPHONEOS_DEPLOYMENT_TARGET = 11.0;
				MTL_ENABLE_DEBUG_INFO = YES;
				ONLY_ACTIVE_ARCH = YES;
				SDKROOT = iphoneos;
				SWIFT_ACTIVE_COMPILATION_CONDITIONS = DEBUG;
				SWIFT_OPTIMIZATION_LEVEL = "-Onone";
			};
			name = Debug;
		};
		B760B5C71F4F791F008C2D43 /* Release */ = {
			isa = XCBuildConfiguration;
			buildSettings = {
				ALWAYS_SEARCH_USER_PATHS = NO;
				CLANG_ANALYZER_NONNULL = YES;
				CLANG_ANALYZER_NUMBER_OBJECT_CONVERSION = YES_AGGRESSIVE;
				CLANG_CXX_LANGUAGE_STANDARD = "gnu++14";
				CLANG_CXX_LIBRARY = "libc++";
				CLANG_ENABLE_MODULES = YES;
				CLANG_ENABLE_OBJC_ARC = YES;
				CLANG_WARN_BLOCK_CAPTURE_AUTORELEASING = YES;
				CLANG_WARN_BOOL_CONVERSION = YES;
				CLANG_WARN_COMMA = YES;
				CLANG_WARN_CONSTANT_CONVERSION = YES;
				CLANG_WARN_DIRECT_OBJC_ISA_USAGE = YES_ERROR;
				CLANG_WARN_DOCUMENTATION_COMMENTS = YES;
				CLANG_WARN_EMPTY_BODY = YES;
				CLANG_WARN_ENUM_CONVERSION = YES;
				CLANG_WARN_INFINITE_RECURSION = YES;
				CLANG_WARN_INT_CONVERSION = YES;
				CLANG_WARN_NON_LITERAL_NULL_CONVERSION = YES;
				CLANG_WARN_OBJC_LITERAL_CONVERSION = YES;
				CLANG_WARN_OBJC_ROOT_CLASS = YES_ERROR;
				CLANG_WARN_RANGE_LOOP_ANALYSIS = YES;
				CLANG_WARN_STRICT_PROTOTYPES = YES;
				CLANG_WARN_SUSPICIOUS_MOVE = YES;
				CLANG_WARN_UNGUARDED_AVAILABILITY = YES_AGGRESSIVE;
				CLANG_WARN_UNREACHABLE_CODE = YES;
				CLANG_WARN__DUPLICATE_METHOD_MATCH = YES;
				CODE_SIGN_IDENTITY = "iPhone Developer";
				COPY_PHASE_STRIP = NO;
				DEBUG_INFORMATION_FORMAT = "dwarf-with-dsym";
				ENABLE_NS_ASSERTIONS = NO;
				ENABLE_STRICT_OBJC_MSGSEND = YES;
				GCC_C_LANGUAGE_STANDARD = gnu11;
				GCC_NO_COMMON_BLOCKS = YES;
				GCC_WARN_64_TO_32_BIT_CONVERSION = YES;
				GCC_WARN_ABOUT_RETURN_TYPE = YES_ERROR;
				GCC_WARN_UNDECLARED_SELECTOR = YES;
				GCC_WARN_UNINITIALIZED_AUTOS = YES_AGGRESSIVE;
				GCC_WARN_UNUSED_FUNCTION = YES;
				GCC_WARN_UNUSED_VARIABLE = YES;
				IPHONEOS_DEPLOYMENT_TARGET = 11.0;
				MTL_ENABLE_DEBUG_INFO = NO;
				SDKROOT = iphoneos;
				SWIFT_OPTIMIZATION_LEVEL = "-Owholemodule";
				VALIDATE_PRODUCT = YES;
			};
			name = Release;
		};
		B760B5C91F4F791F008C2D43 /* Debug */ = {
			isa = XCBuildConfiguration;
			buildSettings = {
				ASSETCATALOG_COMPILER_APPICON_NAME = AppIcon;
				INFOPLIST_FILE = viqana/Info.plist;
				LD_RUNPATH_SEARCH_PATHS = "$(inherited) @executable_path/Frameworks";
				PRODUCT_BUNDLE_IDENTIFIER = com.viqana.viqana;
				PRODUCT_NAME = "$(TARGET_NAME)";
				SWIFT_VERSION = 4.0;
				TARGETED_DEVICE_FAMILY = "1,2";
			};
			name = Debug;
		};
		B760B5CA1F4F791F008C2D43 /* Release */ = {
			isa = XCBuildConfiguration;
			buildSettings = {
				ASSETCATALOG_COMPILER_APPICON_NAME = AppIcon;
				INFOPLIST_FILE = viqana/Info.plist;
				LD_RUNPATH_SEARCH_PATHS = "$(inherited) @executable_path/Frameworks";
				PRODUCT_BUNDLE_IDENTIFIER = com.viqana.viqana;
				PRODUCT_NAME = "$(TARGET_NAME)";
				SWIFT_VERSION = 4.0;
				TARGETED_DEVICE_FAMILY = "1,2";
			};
			name = Release;
		};
/* End XCBuildConfiguration section */

/* Begin XCConfigurationList section */
		B760B5B11F4F791F008C2D43 /* Build configuration list for PBXProject "viqana" */ = {
			isa = XCConfigurationList;
			buildConfigurations = (
				B760B5C61F4F791F008C2D43 /* Debug */,
				B760B5C71F4F791F008C2D43 /* Release */,
			);
			defaultConfigurationIsVisible = 0;
			defaultConfigurationName = Release;
		};
		B760B5C81F4F791F008C2D43 /* Build configuration list for PBXNativeTarget "viqana" */ = {
			isa = XCConfigurationList;
			buildConfigurations = (
				B760B5C91F4F791F008C2D43 /* Debug */,
				B760B5CA1F4F791F008C2D43 /* Release */,
			);
			defaultConfigurationIsVisible = 0;
			defaultConfigurationName = Release;
		};
/* End XCConfigurationList section */
	};
	rootObject = B760B5AE1F4F791F008C2D43 /* Project object */;
}
